
Microsoft Visual Studio Solution File, Format Version 12.00
# Visual Studio Version 16
VisualStudioVersion = 16.0.31025.194
MinimumVisualStudioVersion = 10.0.40219.1
Project("{FAE04EC0-301F-11D3-BF4B-00C04F79EFBC}") = "01-Inheritance", "01-Inheritance.csproj", "{0E61254B-843E-42D8-AEBD-F51D9F19E961}"
EndProject
Global
	GlobalSection(SolutionConfigurationPlatforms) = preSolution
		Debug|Any CPU = Debug|Any CPU
		Release|Any CPU = Release|Any CPU
	EndGlobalSection
	GlobalSection(ProjectConfigurationPlatforms) = postSolution
		{0E61254B-843E-42D8-AEBD-F51D9F19E961}.Debug|Any CPU.ActiveCfg = Debug|Any CPU
		{0E61254B-843E-42D8-AEBD-F51D9F19E961}.Debug|Any CPU.Build.0 = Debug|Any CPU
		{0E61254B-843E-42D8-AEBD-F51D9F19E961}.Release|Any CPU.ActiveCfg = Release|Any CPU
		{0E61254B-843E-42D8-AEBD-F51D9F19E961}.Release|Any CPU.Build.0 = Release|Any CPU
	EndGlobalSection
	GlobalSection(SolutionProperties) = preSolution
		HideSolutionNode = FALSE
	EndGlobalSection
	GlobalSection(ExtensibilityGlobals) = postSolution
		SolutionGuid = {BB72677D-084F-43F4-9A58-21A881C0ED46}
	EndGlobalSection
EndGlobal
